{
  "nodes": {
    "circuitflow": {
      "inputs": {
        "flake-utils": [
          "flake-utils"
        ],
        "nixpkgs": [
          "nixpkgs"
        ]
      },
      "locked": {
        "lastModified": 1637837510,
        "narHash": "sha256-Q4itJRnk0iAyvWjpBo8QpxfZR9AyIIpmsVcMx9iYW3I=",
        "owner": "rosehuds",
        "repo": "CircuitFlow",
        "rev": "ae5c1bed81f54bcc97703028ab85d719a66ffcae",
        "type": "github"
      },
      "original": {
        "owner": "rosehuds",
        "repo": "CircuitFlow",
        "type": "github"
      }
    },
    "flake-utils": {
      "locked": {
        "lastModified": 1631561581,
        "narHash": "sha256-3VQMV5zvxaVLvqqUrNz3iJelLw30mIVSfZmAaauM3dA=",
        "owner": "numtide",
        "repo": "flake-utils",
        "rev": "7e5bf3925f6fbdfaf50a2a7ca0be2879c4261d19",
        "type": "github"
      },
      "original": {
        "owner": "numtide",
        "repo": "flake-utils",
        "type": "github"
      }
    },
    "nixpkgs": {
      "locked": {
        "lastModified": 1634661806,
        "narHash": "sha256-fBuR7EZ67UOdNt3gEwhoyWJ6zJtXh4kuupIALRcx/7I=",
        "owner": "NixOS",
        "repo": "nixpkgs",
        "rev": "8fe3b97ef4527ac88d03ea33e0789f3512e01adc",
        "type": "github"
      },
      "original": {
        "owner": "NixOS",
        "ref": "nixos-21.05",
        "repo": "nixpkgs",
        "type": "github"
      }
    },
    "root": {
      "inputs": {
        "circuitflow": "circuitflow",
        "flake-utils": "flake-utils",
        "nixpkgs": "nixpkgs"
      }
    }
  },
  "root": "root",
  "version": 7
}
