{
  "nodes": {
    "circuitflow": {
      "inputs": {
        "flake-utils": [
          "flake-utils"
        ],
        "nixpkgs": [
          "nixpkgs"
        ]
      },
      "locked": {
        "lastModified": 1637837510,
        "narHash": "sha256-Q4itJRnk0iAyvWjpBo8QpxfZR9AyIIpmsVcMx9iYW3I=",
        "owner": "rosehuds",
        "repo": "CircuitFlow",
        "rev": "ae5c1bed81f54bcc97703028ab85d719a66ffcae",
        "type": "github"
      },
      "original": {
        "owner": "rosehuds",
        "repo": "CircuitFlow",
        "type": "github"
      }
    },
    "flake-utils": {
      "locked": {
        "lastModified": 1644229661,
        "narHash": "sha256-1YdnJAsNy69bpcjuoKdOYQX0YxZBiCYZo4Twxerqv7k=",
        "owner": "numtide",
        "repo": "flake-utils",
        "rev": "3cecb5b042f7f209c56ffd8371b2711a290ec797",
        "type": "github"
      },
      "original": {
        "owner": "numtide",
        "repo": "flake-utils",
        "type": "github"
      }
    },
    "nixpkgs": {
      "locked": {
        "lastModified": 1646675913,
        "narHash": "sha256-ZvGf51XpXM7JojKLZ5yI0XLUq8UOFX6AwZ3bhtdcpIo=",
        "owner": "NixOS",
        "repo": "nixpkgs",
        "rev": "9b1c7ba323732ddc85a51850a7f10ecc5269b8e9",
        "type": "github"
      },
      "original": {
        "owner": "NixOS",
        "ref": "nixos-21.11",
        "repo": "nixpkgs",
        "type": "github"
      }
    },
    "root": {
      "inputs": {
        "circuitflow": "circuitflow",
        "flake-utils": "flake-utils",
        "nixpkgs": "nixpkgs"
      }
    }
  },
  "root": "root",
  "version": 7
}
